
Microsoft Visual Studio Solution File, Format Version 12.00
# Visual Studio 15
VisualStudioVersion = 15.0.28307.271
MinimumVisualStudioVersion = 10.0.40219.1
Project("{9A19103F-16F7-4668-BE54-9A1E7A4F7556}") = "SW.Metadata.DQL", "SW.Metadata.DQL\SW.Metadata.DQL.csproj", "{768CC33A-2850-490B-AEBC-31C43A951015}"
EndProject
Project("{9A19103F-16F7-4668-BE54-9A1E7A4F7556}") = "SW.Metadata.Core", "SW.Metadata.Core\SW.Metadata.Core.csproj", "{A00BA5EF-212B-416C-BCEA-44C868BE35DA}"
EndProject
Global
	GlobalSection(SolutionConfigurationPlatforms) = preSolution
		Debug|Any CPU = Debug|Any CPU
		Release|Any CPU = Release|Any CPU
	EndGlobalSection
	GlobalSection(ProjectConfigurationPlatforms) = postSolution
		{768CC33A-2850-490B-AEBC-31C43A951015}.Debug|Any CPU.ActiveCfg = Debug|Any CPU
		{768CC33A-2850-490B-AEBC-31C43A951015}.Debug|Any CPU.Build.0 = Debug|Any CPU
		{768CC33A-2850-490B-AEBC-31C43A951015}.Release|Any CPU.ActiveCfg = Release|Any CPU
		{768CC33A-2850-490B-AEBC-31C43A951015}.Release|Any CPU.Build.0 = Release|Any CPU
		{A00BA5EF-212B-416C-BCEA-44C868BE35DA}.Debug|Any CPU.ActiveCfg = Debug|Any CPU
		{A00BA5EF-212B-416C-BCEA-44C868BE35DA}.Debug|Any CPU.Build.0 = Debug|Any CPU
		{A00BA5EF-212B-416C-BCEA-44C868BE35DA}.Release|Any CPU.ActiveCfg = Release|Any CPU
		{A00BA5EF-212B-416C-BCEA-44C868BE35DA}.Release|Any CPU.Build.0 = Release|Any CPU
	EndGlobalSection
	GlobalSection(SolutionProperties) = preSolution
		HideSolutionNode = FALSE
	EndGlobalSection
	GlobalSection(ExtensibilityGlobals) = postSolution
		SolutionGuid = {A9CAB99C-2B59-443C-93F0-B7B973349C2A}
	EndGlobalSection
EndGlobal
